
Microsoft Visual Studio Solution File, Format Version 12.00
# Visual Studio Version 17
VisualStudioVersion = 17.6.33829.357
MinimumVisualStudioVersion = 10.0.40219.1
Project("{FAE04EC0-301F-11D3-BF4B-00C04F79EFBC}") = "20231125_string", "Project_1\20231125_string.csproj", "{C1482E4C-474E-4B4C-84EE-90F3C2DCB7E2}"
EndProject
Project("{FAE04EC0-301F-11D3-BF4B-00C04F79EFBC}") = "Project_2", "Project_2\Project_2.csproj", "{FFD8CBC6-77B7-468F-AF73-B37DBBD5BB29}"
EndProject
Project("{FAE04EC0-301F-11D3-BF4B-00C04F79EFBC}") = "Class_method_01", "Class_method_01\Class_method_01.csproj", "{1CF84697-1E73-48AD-A4E2-6CE0FED65E02}"
EndProject
Project("{FAE04EC0-301F-11D3-BF4B-00C04F79EFBC}") = "20231121_if_Else", "20231121_if_Else\20231121_if_Else.csproj", "{6687E8EE-2F49-4781-83B2-177F65117478}"
EndProject
Project("{FAE04EC0-301F-11D3-BF4B-00C04F79EFBC}") = "20231121_while", "20231121_while\20231121_while.csproj", "{05CBEEE2-3E4F-4D89-9177-714280BCB1EE}"
EndProject
Project("{FAE04EC0-301F-11D3-BF4B-00C04F79EFBC}") = "20231121_For", "20231121_For\20231121_For.csproj", "{9BF6956D-0803-470C-9FA3-6A64087F08EC}"
EndProject
Project("{FAE04EC0-301F-11D3-BF4B-00C04F79EFBC}") = "20231121_foreach", "20231121_foreach\20231121_foreach.csproj", "{A26B099C-D7DF-4192-93BE-CBAA2A5B1B08}"
EndProject
Project("{FAE04EC0-301F-11D3-BF4B-00C04F79EFBC}") = "20231121_Switch", "20231121_Switch\20231121_Switch.csproj", "{9C95DAA1-C01B-4C94-9912-EA2445349C47}"
EndProject
Project("{FAE04EC0-301F-11D3-BF4B-00C04F79EFBC}") = "20231122_Method", "20231122_Method\20231122_Method.csproj", "{DD975868-22D7-49E8-BF2A-128C1BF29510}"
EndProject
Project("{2150E333-8FDC-42A3-9474-1A3956D46DE8}") = "Interface", "Interface", "{42BAF484-EF6E-4817-BBC1-59883B68B207}"
EndProject
Project("{FAE04EC0-301F-11D3-BF4B-00C04F79EFBC}") = "Interface_01", "Interface_01\Interface_01.csproj", "{6C65DA15-E9F3-494D-B437-09106B4D6B22}"
EndProject
Project("{FAE04EC0-301F-11D3-BF4B-00C04F79EFBC}") = "Abstract_01", "Abstract_01\Abstract_01.csproj", "{56E0A3B2-B360-4E02-B6A0-B74DAF6DCE6D}"
EndProject
Project("{FAE04EC0-301F-11D3-BF4B-00C04F79EFBC}") = "Sealed_01", "Sealed_01\Sealed_01.csproj", "{A31938A4-5454-4F26-821A-6CEAFF875B27}"
EndProject
Project("{FAE04EC0-301F-11D3-BF4B-00C04F79EFBC}") = "Enumeration_01", "Enumeration_01\Enumeration_01.csproj", "{2279FD6B-BE63-4419-937F-65DB3251F780}"
EndProject
Project("{FAE04EC0-301F-11D3-BF4B-00C04F79EFBC}") = "Property_01", "Property_01\Property_01.csproj", "{BB0D17E7-CEA6-471A-82E9-3902E273AAEB}"
EndProject
Project("{FAE04EC0-301F-11D3-BF4B-00C04F79EFBC}") = "Array_01", "Array_01\Array_01.csproj", "{9FEEE19C-C6DA-4168-BF36-C4223CE5B488}"
EndProject
Project("{FAE04EC0-301F-11D3-BF4B-00C04F79EFBC}") = "Array_ParameterArray", "Array_ParameterArray\Array_ParameterArray.csproj", "{F7DE7179-9515-4F8E-B348-0B3E6B64EF4D}"
EndProject
Project("{FAE04EC0-301F-11D3-BF4B-00C04F79EFBC}") = "Array_RectangularArray", "Array_RectangularArray\Array_RectangularArray.csproj", "{2AAA62E0-75B4-4407-A74F-A55475D2BAB5}"
EndProject
Project("{FAE04EC0-301F-11D3-BF4B-00C04F79EFBC}") = "Generic_01", "Generic_01\Generic_01.csproj", "{3557FEAC-6C3A-441C-8B1F-543BA2070FD0}"
EndProject
Project("{FAE04EC0-301F-11D3-BF4B-00C04F79EFBC}") = "List", "List\List.csproj", "{F1D5561F-08C8-4274-B8C3-D5864DD3BAB8}"
EndProject
Project("{FAE04EC0-301F-11D3-BF4B-00C04F79EFBC}") = "ex", "ex\ex.csproj", "{FB10A091-9F2C-418B-BE3E-B691CF7887F4}"
EndProject
Project("{FAE04EC0-301F-11D3-BF4B-00C04F79EFBC}") = "LinkList", "LinkList\LinkList.csproj", "{6A9C88C8-1EFE-496F-B06F-517B4D2D2C50}"
EndProject
Project("{FAE04EC0-301F-11D3-BF4B-00C04F79EFBC}") = "Collection_Queue", "Collection_Queue\Collection_Queue.csproj", "{C0E2DF06-6232-438C-A47E-DE597CAB194F}"
EndProject
Project("{FAE04EC0-301F-11D3-BF4B-00C04F79EFBC}") = "Collection_Stack", "Collection_Stack\Collection_Stack.csproj", "{EDAEC9EB-4A2F-49E5-8839-2F4E6B2B9FA8}"
EndProject
Project("{FAE04EC0-301F-11D3-BF4B-00C04F79EFBC}") = "SortedList", "SortedList\SortedList.csproj", "{06215A38-F577-4B7D-BE0B-B1B239D1B3E9}"
EndProject
Project("{FAE04EC0-301F-11D3-BF4B-00C04F79EFBC}") = "Dictionary", "Dictionary\Dictionary.csproj", "{028EFB16-899C-4108-B603-5CF5D9060A9E}"
EndProject
Project("{FAE04EC0-301F-11D3-BF4B-00C04F79EFBC}") = "Collection_HashSet", "Collection_HasSet\Collection_HashSet.csproj", "{3755509B-AD4F-4ABC-838B-35D7855E1DBF}"
EndProject
Project("{FAE04EC0-301F-11D3-BF4B-00C04F79EFBC}") = "Collection_Swap", "Collection_Swap\Collection_Swap.csproj", "{9F793F45-2104-45A5-AC2B-9FB7051C57E2}"
EndProject
Project("{FAE04EC0-301F-11D3-BF4B-00C04F79EFBC}") = "LembdaExpression", "LembdaExpression\LembdaExpression.csproj", "{5091730A-CC7A-40C3-B6B9-2FFBC37AC033}"
EndProject
Project("{FAE04EC0-301F-11D3-BF4B-00C04F79EFBC}") = "Delegate", "Delegate\Delegate.csproj", "{95BC7689-F818-4E84-89EC-84AAB05C76CB}"
EndProject
Project("{FAE04EC0-301F-11D3-BF4B-00C04F79EFBC}") = "GarbageCollection", "GarbageCollection\GarbageCollection.csproj", "{280C1BC1-226C-4C2D-AC55-DA4284AA2DEA}"
EndProject
Project("{2150E333-8FDC-42A3-9474-1A3956D46DE8}") = "Class_Pratical", "Class_Pratical", "{77F03396-7E1D-4E43-B34B-0E7853C921D2}"
EndProject
Project("{FAE04EC0-301F-11D3-BF4B-00C04F79EFBC}") = "Anonymous_Class", "Anonymous_Class\Anonymous_Class.csproj", "{75AF58D9-925F-4114-9EA2-63E8F3332624}"
EndProject
Project("{FAE04EC0-301F-11D3-BF4B-00C04F79EFBC}") = "Anonymous_LINQ", "Anonymous_LINQ\Anonymous_LINQ.csproj", "{2B60D46F-9A79-4349-B077-2274DE834AAD}"
EndProject
Project("{FAE04EC0-301F-11D3-BF4B-00C04F79EFBC}") = "Trainee_link", "Trainee_link\Trainee_link.csproj", "{35F5760F-2052-47BD-B205-8EDD055D176A}"
EndProject
Project("{2150E333-8FDC-42A3-9474-1A3956D46DE8}") = "console application on product", "console application on product", "{5C45E151-EA33-4444-8776-3C07E03BC495}"
EndProject
Project("{FAE04EC0-301F-11D3-BF4B-00C04F79EFBC}") = "Product_LINQ", "Product_LINQ\Product_LINQ.csproj", "{F3310464-FAF3-474F-95E1-F0249485414C}"
EndProject
Project("{2150E333-8FDC-42A3-9474-1A3956D46DE8}") = "Asynchronous", "Asynchronous", "{CC7FC32B-4A39-4086-9FB5-0A0C72FFA914}"
EndProject
Project("{FAE04EC0-301F-11D3-BF4B-00C04F79EFBC}") = "MultiTaskAsync_01", "MultiTaskAsync_01\MultiTaskAsync_01.csproj", "{220A301A-1D53-45FE-B877-FA6DE4001C11}"
EndProject
Project("{2150E333-8FDC-42A3-9474-1A3956D46DE8}") = "Indexers", "Indexers", "{00A56DB6-FA07-4809-9424-4E85304DFD08}"
EndProject
Project("{FAE04EC0-301F-11D3-BF4B-00C04F79EFBC}") = "Indexers_1", "Indexers_1\Indexers_1.csproj", "{D16D9467-9C5F-4082-ACF9-6AB03DD4C952}"
EndProject
Project("{FAE04EC0-301F-11D3-BF4B-00C04F79EFBC}") = "Indexers_Interface", "Indexers_Interface\Indexers_Interface.csproj", "{0FC0184E-BC8E-4C17-B05E-A1D91AD146EA}"
EndProject
Project("{FAE04EC0-301F-11D3-BF4B-00C04F79EFBC}") = "Indexers_Initializer", "Indexers_Initializer\Indexers_Initializer.csproj", "{3D978BB1-01A6-4094-941C-F3AB206712B7}"
EndProject
Project("{2150E333-8FDC-42A3-9474-1A3956D46DE8}") = "Enumerable", "Enumerable", "{FAA0A50F-F751-4857-A344-28B0A26C9F71}"
EndProject
Project("{FAE04EC0-301F-11D3-BF4B-00C04F79EFBC}") = "IEnumerableInConsole", "IEnumerableInConsole\IEnumerableInConsole.csproj", "{37AB6627-60F4-4628-B31E-3BAE66131511}"
EndProject
Project("{FAE04EC0-301F-11D3-BF4B-00C04F79EFBC}") = "IteratorInMethod", "IteratorInMethod\IteratorInMethod.csproj", "{98E872C7-8548-4E53-B23C-9A747E5F15A8}"
EndProject
Project("{FAE04EC0-301F-11D3-BF4B-00C04F79EFBC}") = "RandomNumber_01", "RandomNumber_01\RandomNumber_01.csproj", "{5E8BC180-CC43-4AED-ACFE-C8381DF0801B}"
EndProject
Project("{2150E333-8FDC-42A3-9474-1A3956D46DE8}") = "Partial", "Partial", "{D291BE36-871E-4BE6-9D7D-BB642091BE72}"
EndProject
Project("{FAE04EC0-301F-11D3-BF4B-00C04F79EFBC}") = "Partial_Class_Method", "Partial_Class_Method\Partial_Class_Method.csproj", "{989881FD-FF85-4629-B22C-3B5D75FD66C7}"
EndProject
Project("{FAE04EC0-301F-11D3-BF4B-00C04F79EFBC}") = "Random_Number", "Random_Number\Random_Number.csproj", "{D804E56F-0784-4A36-BC3C-26524DC78FD7}"
EndProject
Project("{FAE04EC0-301F-11D3-BF4B-00C04F79EFBC}") = "Linq_DeferredExecution", "Linq_DeferredExecution\Linq_DeferredExecution.csproj", "{62F28A20-85B5-45CD-BB4F-CB3247C6EC8D}"
EndProject
Global
	GlobalSection(SolutionConfigurationPlatforms) = preSolution
		Debug|Any CPU = Debug|Any CPU
		Release|Any CPU = Release|Any CPU
	EndGlobalSection
	GlobalSection(ProjectConfigurationPlatforms) = postSolution
		{C1482E4C-474E-4B4C-84EE-90F3C2DCB7E2}.Debug|Any CPU.ActiveCfg = Debug|Any CPU
		{C1482E4C-474E-4B4C-84EE-90F3C2DCB7E2}.Debug|Any CPU.Build.0 = Debug|Any CPU
		{C1482E4C-474E-4B4C-84EE-90F3C2DCB7E2}.Release|Any CPU.ActiveCfg = Release|Any CPU
		{C1482E4C-474E-4B4C-84EE-90F3C2DCB7E2}.Release|Any CPU.Build.0 = Release|Any CPU
		{FFD8CBC6-77B7-468F-AF73-B37DBBD5BB29}.Debug|Any CPU.ActiveCfg = Debug|Any CPU
		{FFD8CBC6-77B7-468F-AF73-B37DBBD5BB29}.Debug|Any CPU.Build.0 = Debug|Any CPU
		{FFD8CBC6-77B7-468F-AF73-B37DBBD5BB29}.Release|Any CPU.ActiveCfg = Release|Any CPU
		{FFD8CBC6-77B7-468F-AF73-B37DBBD5BB29}.Release|Any CPU.Build.0 = Release|Any CPU
		{1CF84697-1E73-48AD-A4E2-6CE0FED65E02}.Debug|Any CPU.ActiveCfg = Debug|Any CPU
		{1CF84697-1E73-48AD-A4E2-6CE0FED65E02}.Debug|Any CPU.Build.0 = Debug|Any CPU
		{1CF84697-1E73-48AD-A4E2-6CE0FED65E02}.Release|Any CPU.ActiveCfg = Release|Any CPU
		{1CF84697-1E73-48AD-A4E2-6CE0FED65E02}.Release|Any CPU.Build.0 = Release|Any CPU
		{6687E8EE-2F49-4781-83B2-177F65117478}.Debug|Any CPU.ActiveCfg = Debug|Any CPU
		{6687E8EE-2F49-4781-83B2-177F65117478}.Debug|Any CPU.Build.0 = Debug|Any CPU
		{6687E8EE-2F49-4781-83B2-177F65117478}.Release|Any CPU.ActiveCfg = Release|Any CPU
		{6687E8EE-2F49-4781-83B2-177F65117478}.Release|Any CPU.Build.0 = Release|Any CPU
		{05CBEEE2-3E4F-4D89-9177-714280BCB1EE}.Debug|Any CPU.ActiveCfg = Debug|Any CPU
		{05CBEEE2-3E4F-4D89-9177-714280BCB1EE}.Debug|Any CPU.Build.0 = Debug|Any CPU
		{05CBEEE2-3E4F-4D89-9177-714280BCB1EE}.Release|Any CPU.ActiveCfg = Release|Any CPU
		{05CBEEE2-3E4F-4D89-9177-714280BCB1EE}.Release|Any CPU.Build.0 = Release|Any CPU
		{9BF6956D-0803-470C-9FA3-6A64087F08EC}.Debug|Any CPU.ActiveCfg = Debug|Any CPU
		{9BF6956D-0803-470C-9FA3-6A64087F08EC}.Debug|Any CPU.Build.0 = Debug|Any CPU
		{9BF6956D-0803-470C-9FA3-6A64087F08EC}.Release|Any CPU.ActiveCfg = Release|Any CPU
		{9BF6956D-0803-470C-9FA3-6A64087F08EC}.Release|Any CPU.Build.0 = Release|Any CPU
		{A26B099C-D7DF-4192-93BE-CBAA2A5B1B08}.Debug|Any CPU.ActiveCfg = Debug|Any CPU
		{A26B099C-D7DF-4192-93BE-CBAA2A5B1B08}.Debug|Any CPU.Build.0 = Debug|Any CPU
		{A26B099C-D7DF-4192-93BE-CBAA2A5B1B08}.Release|Any CPU.ActiveCfg = Release|Any CPU
		{A26B099C-D7DF-4192-93BE-CBAA2A5B1B08}.Release|Any CPU.Build.0 = Release|Any CPU
		{9C95DAA1-C01B-4C94-9912-EA2445349C47}.Debug|Any CPU.ActiveCfg = Debug|Any CPU
		{9C95DAA1-C01B-4C94-9912-EA2445349C47}.Debug|Any CPU.Build.0 = Debug|Any CPU
		{9C95DAA1-C01B-4C94-9912-EA2445349C47}.Release|Any CPU.ActiveCfg = Release|Any CPU
		{9C95DAA1-C01B-4C94-9912-EA2445349C47}.Release|Any CPU.Build.0 = Release|Any CPU
		{DD975868-22D7-49E8-BF2A-128C1BF29510}.Debug|Any CPU.ActiveCfg = Debug|Any CPU
		{DD975868-22D7-49E8-BF2A-128C1BF29510}.Debug|Any CPU.Build.0 = Debug|Any CPU
		{DD975868-22D7-49E8-BF2A-128C1BF29510}.Release|Any CPU.ActiveCfg = Release|Any CPU
		{DD975868-22D7-49E8-BF2A-128C1BF29510}.Release|Any CPU.Build.0 = Release|Any CPU
		{6C65DA15-E9F3-494D-B437-09106B4D6B22}.Debug|Any CPU.ActiveCfg = Debug|Any CPU
		{6C65DA15-E9F3-494D-B437-09106B4D6B22}.Debug|Any CPU.Build.0 = Debug|Any CPU
		{6C65DA15-E9F3-494D-B437-09106B4D6B22}.Release|Any CPU.ActiveCfg = Release|Any CPU
		{6C65DA15-E9F3-494D-B437-09106B4D6B22}.Release|Any CPU.Build.0 = Release|Any CPU
		{56E0A3B2-B360-4E02-B6A0-B74DAF6DCE6D}.Debug|Any CPU.ActiveCfg = Debug|Any CPU
		{56E0A3B2-B360-4E02-B6A0-B74DAF6DCE6D}.Debug|Any CPU.Build.0 = Debug|Any CPU
		{56E0A3B2-B360-4E02-B6A0-B74DAF6DCE6D}.Release|Any CPU.ActiveCfg = Release|Any CPU
		{56E0A3B2-B360-4E02-B6A0-B74DAF6DCE6D}.Release|Any CPU.Build.0 = Release|Any CPU
		{A31938A4-5454-4F26-821A-6CEAFF875B27}.Debug|Any CPU.ActiveCfg = Debug|Any CPU
		{A31938A4-5454-4F26-821A-6CEAFF875B27}.Debug|Any CPU.Build.0 = Debug|Any CPU
		{A31938A4-5454-4F26-821A-6CEAFF875B27}.Release|Any CPU.ActiveCfg = Release|Any CPU
		{A31938A4-5454-4F26-821A-6CEAFF875B27}.Release|Any CPU.Build.0 = Release|Any CPU
		{2279FD6B-BE63-4419-937F-65DB3251F780}.Debug|Any CPU.ActiveCfg = Debug|Any CPU
		{2279FD6B-BE63-4419-937F-65DB3251F780}.Debug|Any CPU.Build.0 = Debug|Any CPU
		{2279FD6B-BE63-4419-937F-65DB3251F780}.Release|Any CPU.ActiveCfg = Release|Any CPU
		{2279FD6B-BE63-4419-937F-65DB3251F780}.Release|Any CPU.Build.0 = Release|Any CPU
		{BB0D17E7-CEA6-471A-82E9-3902E273AAEB}.Debug|Any CPU.ActiveCfg = Debug|Any CPU
		{BB0D17E7-CEA6-471A-82E9-3902E273AAEB}.Debug|Any CPU.Build.0 = Debug|Any CPU
		{BB0D17E7-CEA6-471A-82E9-3902E273AAEB}.Release|Any CPU.ActiveCfg = Release|Any CPU
		{BB0D17E7-CEA6-471A-82E9-3902E273AAEB}.Release|Any CPU.Build.0 = Release|Any CPU
		{9FEEE19C-C6DA-4168-BF36-C4223CE5B488}.Debug|Any CPU.ActiveCfg = Debug|Any CPU
		{9FEEE19C-C6DA-4168-BF36-C4223CE5B488}.Debug|Any CPU.Build.0 = Debug|Any CPU
		{9FEEE19C-C6DA-4168-BF36-C4223CE5B488}.Release|Any CPU.ActiveCfg = Release|Any CPU
		{9FEEE19C-C6DA-4168-BF36-C4223CE5B488}.Release|Any CPU.Build.0 = Release|Any CPU
		{F7DE7179-9515-4F8E-B348-0B3E6B64EF4D}.Debug|Any CPU.ActiveCfg = Debug|Any CPU
		{F7DE7179-9515-4F8E-B348-0B3E6B64EF4D}.Debug|Any CPU.Build.0 = Debug|Any CPU
		{F7DE7179-9515-4F8E-B348-0B3E6B64EF4D}.Release|Any CPU.ActiveCfg = Release|Any CPU
		{F7DE7179-9515-4F8E-B348-0B3E6B64EF4D}.Release|Any CPU.Build.0 = Release|Any CPU
		{2AAA62E0-75B4-4407-A74F-A55475D2BAB5}.Debug|Any CPU.ActiveCfg = Debug|Any CPU
		{2AAA62E0-75B4-4407-A74F-A55475D2BAB5}.Debug|Any CPU.Build.0 = Debug|Any CPU
		{2AAA62E0-75B4-4407-A74F-A55475D2BAB5}.Release|Any CPU.ActiveCfg = Release|Any CPU
		{2AAA62E0-75B4-4407-A74F-A55475D2BAB5}.Release|Any CPU.Build.0 = Release|Any CPU
		{3557FEAC-6C3A-441C-8B1F-543BA2070FD0}.Debug|Any CPU.ActiveCfg = Debug|Any CPU
		{3557FEAC-6C3A-441C-8B1F-543BA2070FD0}.Debug|Any CPU.Build.0 = Debug|Any CPU
		{3557FEAC-6C3A-441C-8B1F-543BA2070FD0}.Release|Any CPU.ActiveCfg = Release|Any CPU
		{3557FEAC-6C3A-441C-8B1F-543BA2070FD0}.Release|Any CPU.Build.0 = Release|Any CPU
		{F1D5561F-08C8-4274-B8C3-D5864DD3BAB8}.Debug|Any CPU.ActiveCfg = Debug|Any CPU
		{F1D5561F-08C8-4274-B8C3-D5864DD3BAB8}.Debug|Any CPU.Build.0 = Debug|Any CPU
		{F1D5561F-08C8-4274-B8C3-D5864DD3BAB8}.Release|Any CPU.ActiveCfg = Release|Any CPU
		{F1D5561F-08C8-4274-B8C3-D5864DD3BAB8}.Release|Any CPU.Build.0 = Release|Any CPU
		{FB10A091-9F2C-418B-BE3E-B691CF7887F4}.Debug|Any CPU.ActiveCfg = Debug|Any CPU
		{FB10A091-9F2C-418B-BE3E-B691CF7887F4}.Debug|Any CPU.Build.0 = Debug|Any CPU
		{FB10A091-9F2C-418B-BE3E-B691CF7887F4}.Release|Any CPU.ActiveCfg = Release|Any CPU
		{FB10A091-9F2C-418B-BE3E-B691CF7887F4}.Release|Any CPU.Build.0 = Release|Any CPU
		{6A9C88C8-1EFE-496F-B06F-517B4D2D2C50}.Debug|Any CPU.ActiveCfg = Debug|Any CPU
		{6A9C88C8-1EFE-496F-B06F-517B4D2D2C50}.Debug|Any CPU.Build.0 = Debug|Any CPU
		{6A9C88C8-1EFE-496F-B06F-517B4D2D2C50}.Release|Any CPU.ActiveCfg = Release|Any CPU
		{6A9C88C8-1EFE-496F-B06F-517B4D2D2C50}.Release|Any CPU.Build.0 = Release|Any CPU
		{C0E2DF06-6232-438C-A47E-DE597CAB194F}.Debug|Any CPU.ActiveCfg = Debug|Any CPU
		{C0E2DF06-6232-438C-A47E-DE597CAB194F}.Debug|Any CPU.Build.0 = Debug|Any CPU
		{C0E2DF06-6232-438C-A47E-DE597CAB194F}.Release|Any CPU.ActiveCfg = Release|Any CPU
		{C0E2DF06-6232-438C-A47E-DE597CAB194F}.Release|Any CPU.Build.0 = Release|Any CPU
		{EDAEC9EB-4A2F-49E5-8839-2F4E6B2B9FA8}.Debug|Any CPU.ActiveCfg = Debug|Any CPU
		{EDAEC9EB-4A2F-49E5-8839-2F4E6B2B9FA8}.Debug|Any CPU.Build.0 = Debug|Any CPU
		{EDAEC9EB-4A2F-49E5-8839-2F4E6B2B9FA8}.Release|Any CPU.ActiveCfg = Release|Any CPU
		{EDAEC9EB-4A2F-49E5-8839-2F4E6B2B9FA8}.Release|Any CPU.Build.0 = Release|Any CPU
		{06215A38-F577-4B7D-BE0B-B1B239D1B3E9}.Debug|Any CPU.ActiveCfg = Debug|Any CPU
		{06215A38-F577-4B7D-BE0B-B1B239D1B3E9}.Debug|Any CPU.Build.0 = Debug|Any CPU
		{06215A38-F577-4B7D-BE0B-B1B239D1B3E9}.Release|Any CPU.ActiveCfg = Release|Any CPU
		{06215A38-F577-4B7D-BE0B-B1B239D1B3E9}.Release|Any CPU.Build.0 = Release|Any CPU
		{028EFB16-899C-4108-B603-5CF5D9060A9E}.Debug|Any CPU.ActiveCfg = Debug|Any CPU
		{028EFB16-899C-4108-B603-5CF5D9060A9E}.Debug|Any CPU.Build.0 = Debug|Any CPU
		{028EFB16-899C-4108-B603-5CF5D9060A9E}.Release|Any CPU.ActiveCfg = Release|Any CPU
		{028EFB16-899C-4108-B603-5CF5D9060A9E}.Release|Any CPU.Build.0 = Release|Any CPU
		{3755509B-AD4F-4ABC-838B-35D7855E1DBF}.Debug|Any CPU.ActiveCfg = Debug|Any CPU
		{3755509B-AD4F-4ABC-838B-35D7855E1DBF}.Debug|Any CPU.Build.0 = Debug|Any CPU
		{3755509B-AD4F-4ABC-838B-35D7855E1DBF}.Release|Any CPU.ActiveCfg = Release|Any CPU
		{3755509B-AD4F-4ABC-838B-35D7855E1DBF}.Release|Any CPU.Build.0 = Release|Any CPU
		{9F793F45-2104-45A5-AC2B-9FB7051C57E2}.Debug|Any CPU.ActiveCfg = Debug|Any CPU
		{9F793F45-2104-45A5-AC2B-9FB7051C57E2}.Debug|Any CPU.Build.0 = Debug|Any CPU
		{9F793F45-2104-45A5-AC2B-9FB7051C57E2}.Release|Any CPU.ActiveCfg = Release|Any CPU
		{9F793F45-2104-45A5-AC2B-9FB7051C57E2}.Release|Any CPU.Build.0 = Release|Any CPU
		{5091730A-CC7A-40C3-B6B9-2FFBC37AC033}.Debug|Any CPU.ActiveCfg = Debug|Any CPU
		{5091730A-CC7A-40C3-B6B9-2FFBC37AC033}.Debug|Any CPU.Build.0 = Debug|Any CPU
		{5091730A-CC7A-40C3-B6B9-2FFBC37AC033}.Release|Any CPU.ActiveCfg = Release|Any CPU
		{5091730A-CC7A-40C3-B6B9-2FFBC37AC033}.Release|Any CPU.Build.0 = Release|Any CPU
		{95BC7689-F818-4E84-89EC-84AAB05C76CB}.Debug|Any CPU.ActiveCfg = Debug|Any CPU
		{95BC7689-F818-4E84-89EC-84AAB05C76CB}.Debug|Any CPU.Build.0 = Debug|Any CPU
		{95BC7689-F818-4E84-89EC-84AAB05C76CB}.Release|Any CPU.ActiveCfg = Release|Any CPU
		{95BC7689-F818-4E84-89EC-84AAB05C76CB}.Release|Any CPU.Build.0 = Release|Any CPU
		{280C1BC1-226C-4C2D-AC55-DA4284AA2DEA}.Debug|Any CPU.ActiveCfg = Debug|Any CPU
		{280C1BC1-226C-4C2D-AC55-DA4284AA2DEA}.Debug|Any CPU.Build.0 = Debug|Any CPU
		{280C1BC1-226C-4C2D-AC55-DA4284AA2DEA}.Release|Any CPU.ActiveCfg = Release|Any CPU
		{280C1BC1-226C-4C2D-AC55-DA4284AA2DEA}.Release|Any CPU.Build.0 = Release|Any CPU
		{75AF58D9-925F-4114-9EA2-63E8F3332624}.Debug|Any CPU.ActiveCfg = Debug|Any CPU
		{75AF58D9-925F-4114-9EA2-63E8F3332624}.Debug|Any CPU.Build.0 = Debug|Any CPU
		{75AF58D9-925F-4114-9EA2-63E8F3332624}.Release|Any CPU.ActiveCfg = Release|Any CPU
		{75AF58D9-925F-4114-9EA2-63E8F3332624}.Release|Any CPU.Build.0 = Release|Any CPU
		{2B60D46F-9A79-4349-B077-2274DE834AAD}.Debug|Any CPU.ActiveCfg = Debug|Any CPU
		{2B60D46F-9A79-4349-B077-2274DE834AAD}.Debug|Any CPU.Build.0 = Debug|Any CPU
		{2B60D46F-9A79-4349-B077-2274DE834AAD}.Release|Any CPU.ActiveCfg = Release|Any CPU
		{2B60D46F-9A79-4349-B077-2274DE834AAD}.Release|Any CPU.Build.0 = Release|Any CPU
		{35F5760F-2052-47BD-B205-8EDD055D176A}.Debug|Any CPU.ActiveCfg = Debug|Any CPU
		{35F5760F-2052-47BD-B205-8EDD055D176A}.Debug|Any CPU.Build.0 = Debug|Any CPU
		{35F5760F-2052-47BD-B205-8EDD055D176A}.Release|Any CPU.ActiveCfg = Release|Any CPU
		{35F5760F-2052-47BD-B205-8EDD055D176A}.Release|Any CPU.Build.0 = Release|Any CPU
		{F3310464-FAF3-474F-95E1-F0249485414C}.Debug|Any CPU.ActiveCfg = Debug|Any CPU
		{F3310464-FAF3-474F-95E1-F0249485414C}.Debug|Any CPU.Build.0 = Debug|Any CPU
		{F3310464-FAF3-474F-95E1-F0249485414C}.Release|Any CPU.ActiveCfg = Release|Any CPU
		{F3310464-FAF3-474F-95E1-F0249485414C}.Release|Any CPU.Build.0 = Release|Any CPU
		{220A301A-1D53-45FE-B877-FA6DE4001C11}.Debug|Any CPU.ActiveCfg = Debug|Any CPU
		{220A301A-1D53-45FE-B877-FA6DE4001C11}.Debug|Any CPU.Build.0 = Debug|Any CPU
		{220A301A-1D53-45FE-B877-FA6DE4001C11}.Release|Any CPU.ActiveCfg = Release|Any CPU
		{220A301A-1D53-45FE-B877-FA6DE4001C11}.Release|Any CPU.Build.0 = Release|Any CPU
		{D16D9467-9C5F-4082-ACF9-6AB03DD4C952}.Debug|Any CPU.ActiveCfg = Debug|Any CPU
		{D16D9467-9C5F-4082-ACF9-6AB03DD4C952}.Debug|Any CPU.Build.0 = Debug|Any CPU
		{D16D9467-9C5F-4082-ACF9-6AB03DD4C952}.Release|Any CPU.ActiveCfg = Release|Any CPU
		{D16D9467-9C5F-4082-ACF9-6AB03DD4C952}.Release|Any CPU.Build.0 = Release|Any CPU
		{0FC0184E-BC8E-4C17-B05E-A1D91AD146EA}.Debug|Any CPU.ActiveCfg = Debug|Any CPU
		{0FC0184E-BC8E-4C17-B05E-A1D91AD146EA}.Debug|Any CPU.Build.0 = Debug|Any CPU
		{0FC0184E-BC8E-4C17-B05E-A1D91AD146EA}.Release|Any CPU.ActiveCfg = Release|Any CPU
		{0FC0184E-BC8E-4C17-B05E-A1D91AD146EA}.Release|Any CPU.Build.0 = Release|Any CPU
		{3D978BB1-01A6-4094-941C-F3AB206712B7}.Debug|Any CPU.ActiveCfg = Debug|Any CPU
		{3D978BB1-01A6-4094-941C-F3AB206712B7}.Debug|Any CPU.Build.0 = Debug|Any CPU
		{3D978BB1-01A6-4094-941C-F3AB206712B7}.Release|Any CPU.ActiveCfg = Release|Any CPU
		{3D978BB1-01A6-4094-941C-F3AB206712B7}.Release|Any CPU.Build.0 = Release|Any CPU
		{37AB6627-60F4-4628-B31E-3BAE66131511}.Debug|Any CPU.ActiveCfg = Debug|Any CPU
		{37AB6627-60F4-4628-B31E-3BAE66131511}.Debug|Any CPU.Build.0 = Debug|Any CPU
		{37AB6627-60F4-4628-B31E-3BAE66131511}.Release|Any CPU.ActiveCfg = Release|Any CPU
		{37AB6627-60F4-4628-B31E-3BAE66131511}.Release|Any CPU.Build.0 = Release|Any CPU
		{98E872C7-8548-4E53-B23C-9A747E5F15A8}.Debug|Any CPU.ActiveCfg = Debug|Any CPU
		{98E872C7-8548-4E53-B23C-9A747E5F15A8}.Debug|Any CPU.Build.0 = Debug|Any CPU
		{98E872C7-8548-4E53-B23C-9A747E5F15A8}.Release|Any CPU.ActiveCfg = Release|Any CPU
		{98E872C7-8548-4E53-B23C-9A747E5F15A8}.Release|Any CPU.Build.0 = Release|Any CPU
		{5E8BC180-CC43-4AED-ACFE-C8381DF0801B}.Debug|Any CPU.ActiveCfg = Debug|Any CPU
		{5E8BC180-CC43-4AED-ACFE-C8381DF0801B}.Debug|Any CPU.Build.0 = Debug|Any CPU
		{5E8BC180-CC43-4AED-ACFE-C8381DF0801B}.Release|Any CPU.ActiveCfg = Release|Any CPU
		{5E8BC180-CC43-4AED-ACFE-C8381DF0801B}.Release|Any CPU.Build.0 = Release|Any CPU
		{989881FD-FF85-4629-B22C-3B5D75FD66C7}.Debug|Any CPU.ActiveCfg = Debug|Any CPU
		{989881FD-FF85-4629-B22C-3B5D75FD66C7}.Debug|Any CPU.Build.0 = Debug|Any CPU
		{989881FD-FF85-4629-B22C-3B5D75FD66C7}.Release|Any CPU.ActiveCfg = Release|Any CPU
		{989881FD-FF85-4629-B22C-3B5D75FD66C7}.Release|Any CPU.Build.0 = Release|Any CPU
		{D804E56F-0784-4A36-BC3C-26524DC78FD7}.Debug|Any CPU.ActiveCfg = Debug|Any CPU
		{D804E56F-0784-4A36-BC3C-26524DC78FD7}.Debug|Any CPU.Build.0 = Debug|Any CPU
		{D804E56F-0784-4A36-BC3C-26524DC78FD7}.Release|Any CPU.ActiveCfg = Release|Any CPU
		{D804E56F-0784-4A36-BC3C-26524DC78FD7}.Release|Any CPU.Build.0 = Release|Any CPU
		{62F28A20-85B5-45CD-BB4F-CB3247C6EC8D}.Debug|Any CPU.ActiveCfg = Debug|Any CPU
		{62F28A20-85B5-45CD-BB4F-CB3247C6EC8D}.Debug|Any CPU.Build.0 = Debug|Any CPU
		{62F28A20-85B5-45CD-BB4F-CB3247C6EC8D}.Release|Any CPU.ActiveCfg = Release|Any CPU
		{62F28A20-85B5-45CD-BB4F-CB3247C6EC8D}.Release|Any CPU.Build.0 = Release|Any CPU
	EndGlobalSection
	GlobalSection(SolutionProperties) = preSolution
		HideSolutionNode = FALSE
	EndGlobalSection
	GlobalSection(NestedProjects) = preSolution
		{6C65DA15-E9F3-494D-B437-09106B4D6B22} = {42BAF484-EF6E-4817-BBC1-59883B68B207}
		{56E0A3B2-B360-4E02-B6A0-B74DAF6DCE6D} = {42BAF484-EF6E-4817-BBC1-59883B68B207}
		{A31938A4-5454-4F26-821A-6CEAFF875B27} = {42BAF484-EF6E-4817-BBC1-59883B68B207}
		{2279FD6B-BE63-4419-937F-65DB3251F780} = {42BAF484-EF6E-4817-BBC1-59883B68B207}
		{BB0D17E7-CEA6-471A-82E9-3902E273AAEB} = {42BAF484-EF6E-4817-BBC1-59883B68B207}
		{9FEEE19C-C6DA-4168-BF36-C4223CE5B488} = {42BAF484-EF6E-4817-BBC1-59883B68B207}
		{F7DE7179-9515-4F8E-B348-0B3E6B64EF4D} = {42BAF484-EF6E-4817-BBC1-59883B68B207}
		{2AAA62E0-75B4-4407-A74F-A55475D2BAB5} = {42BAF484-EF6E-4817-BBC1-59883B68B207}
		{75AF58D9-925F-4114-9EA2-63E8F3332624} = {77F03396-7E1D-4E43-B34B-0E7853C921D2}
		{2B60D46F-9A79-4349-B077-2274DE834AAD} = {77F03396-7E1D-4E43-B34B-0E7853C921D2}
		{35F5760F-2052-47BD-B205-8EDD055D176A} = {77F03396-7E1D-4E43-B34B-0E7853C921D2}
		{F3310464-FAF3-474F-95E1-F0249485414C} = {5C45E151-EA33-4444-8776-3C07E03BC495}
		{220A301A-1D53-45FE-B877-FA6DE4001C11} = {CC7FC32B-4A39-4086-9FB5-0A0C72FFA914}
		{D16D9467-9C5F-4082-ACF9-6AB03DD4C952} = {00A56DB6-FA07-4809-9424-4E85304DFD08}
		{0FC0184E-BC8E-4C17-B05E-A1D91AD146EA} = {00A56DB6-FA07-4809-9424-4E85304DFD08}
		{3D978BB1-01A6-4094-941C-F3AB206712B7} = {00A56DB6-FA07-4809-9424-4E85304DFD08}
		{37AB6627-60F4-4628-B31E-3BAE66131511} = {FAA0A50F-F751-4857-A344-28B0A26C9F71}
		{989881FD-FF85-4629-B22C-3B5D75FD66C7} = {D291BE36-871E-4BE6-9D7D-BB642091BE72}
	EndGlobalSection
	GlobalSection(ExtensibilityGlobals) = postSolution
		SolutionGuid = {9383491B-F98E-4884-BDA5-99D2EAC48866}
	EndGlobalSection
EndGlobal
